
Microsoft Visual Studio Solution File, Format Version 12.00
# Visual Studio Version 16
VisualStudioVersion = 16.0.30517.126
MinimumVisualStudioVersion = 10.0.40219.1
Project("{FAE04EC0-301F-11D3-BF4B-00C04F79EFBC}") = "coreEscuela", "coreEscuela\coreEscuela.csproj", "{663FED81-AE5B-4A09-90E0-0C6E965D923B}"
EndProject
Global
	GlobalSection(SolutionConfigurationPlatforms) = preSolution
		Debug|Any CPU = Debug|Any CPU
		Release|Any CPU = Release|Any CPU
	EndGlobalSection
	GlobalSection(ProjectConfigurationPlatforms) = postSolution
		{663FED81-AE5B-4A09-90E0-0C6E965D923B}.Debug|Any CPU.ActiveCfg = Debug|Any CPU
		{663FED81-AE5B-4A09-90E0-0C6E965D923B}.Debug|Any CPU.Build.0 = Debug|Any CPU
		{663FED81-AE5B-4A09-90E0-0C6E965D923B}.Release|Any CPU.ActiveCfg = Release|Any CPU
		{663FED81-AE5B-4A09-90E0-0C6E965D923B}.Release|Any CPU.Build.0 = Release|Any CPU
	EndGlobalSection
	GlobalSection(SolutionProperties) = preSolution
		HideSolutionNode = FALSE
	EndGlobalSection
	GlobalSection(ExtensibilityGlobals) = postSolution
		SolutionGuid = {E383EF85-528C-4CA2-ACE7-715B0768C40B}
	EndGlobalSection
EndGlobal
